
Microsoft Visual Studio Solution File, Format Version 12.00
# Visual Studio 15
VisualStudioVersion = 15.0.28307.539
MinimumVisualStudioVersion = 10.0.40219.1
Project("{FAE04EC0-301F-11D3-BF4B-00C04F79EFBC}") = "Yuce.Web", "Yuce.Web\Yuce.Web.csproj", "{E396BAE3-C61A-460B-9A1C-EE09E6CD311C}"
EndProject
Project("{FAE04EC0-301F-11D3-BF4B-00C04F79EFBC}") = "Yuce.Console", "Yuce.Console\Yuce.Console.csproj", "{8EFE8AF2-2B6A-4EA3-B4AB-85CDFEAF3187}"
EndProject
Project("{FAE04EC0-301F-11D3-BF4B-00C04F79EFBC}") = "Yuce.Domain", "Yuce.Domain\Yuce.Domain.csproj", "{920E8E88-D4F1-4F14-ABE8-921A085A2AF6}"
EndProject
Project("{FAE04EC0-301F-11D3-BF4B-00C04F79EFBC}") = "Yuce.MsTest", "Yuce.MsTest\Yuce.MsTest.csproj", "{116602F1-45C6-498D-A3D9-FAB95C82810A}"
EndProject
Project("{9A19103F-16F7-4668-BE54-9A1E7A4F7556}") = "HelpersProject", "..\DotNetCoreCodeGenerator\HelpersProject\HelpersProject.csproj", "{CFC83F4E-3046-4ED0-83D5-FD01CFBB5B5B}"
EndProject
Project("{FAE04EC0-301F-11D3-BF4B-00C04F79EFBC}") = "Yuce.Models", "Yuce.Models\Yuce.Models.csproj", "{DBC7E275-EFA5-4400-9465-9D5BF4391123}"
EndProject
Global
	GlobalSection(SolutionConfigurationPlatforms) = preSolution
		Debug|Any CPU = Debug|Any CPU
		Release|Any CPU = Release|Any CPU
	EndGlobalSection
	GlobalSection(ProjectConfigurationPlatforms) = postSolution
		{E396BAE3-C61A-460B-9A1C-EE09E6CD311C}.Debug|Any CPU.ActiveCfg = Debug|Any CPU
		{E396BAE3-C61A-460B-9A1C-EE09E6CD311C}.Debug|Any CPU.Build.0 = Debug|Any CPU
		{E396BAE3-C61A-460B-9A1C-EE09E6CD311C}.Release|Any CPU.ActiveCfg = Release|Any CPU
		{E396BAE3-C61A-460B-9A1C-EE09E6CD311C}.Release|Any CPU.Build.0 = Release|Any CPU
		{8EFE8AF2-2B6A-4EA3-B4AB-85CDFEAF3187}.Debug|Any CPU.ActiveCfg = Debug|Any CPU
		{8EFE8AF2-2B6A-4EA3-B4AB-85CDFEAF3187}.Debug|Any CPU.Build.0 = Debug|Any CPU
		{8EFE8AF2-2B6A-4EA3-B4AB-85CDFEAF3187}.Release|Any CPU.ActiveCfg = Release|Any CPU
		{8EFE8AF2-2B6A-4EA3-B4AB-85CDFEAF3187}.Release|Any CPU.Build.0 = Release|Any CPU
		{920E8E88-D4F1-4F14-ABE8-921A085A2AF6}.Debug|Any CPU.ActiveCfg = Debug|Any CPU
		{920E8E88-D4F1-4F14-ABE8-921A085A2AF6}.Debug|Any CPU.Build.0 = Debug|Any CPU
		{920E8E88-D4F1-4F14-ABE8-921A085A2AF6}.Release|Any CPU.ActiveCfg = Release|Any CPU
		{920E8E88-D4F1-4F14-ABE8-921A085A2AF6}.Release|Any CPU.Build.0 = Release|Any CPU
		{116602F1-45C6-498D-A3D9-FAB95C82810A}.Debug|Any CPU.ActiveCfg = Debug|Any CPU
		{116602F1-45C6-498D-A3D9-FAB95C82810A}.Debug|Any CPU.Build.0 = Debug|Any CPU
		{116602F1-45C6-498D-A3D9-FAB95C82810A}.Release|Any CPU.ActiveCfg = Release|Any CPU
		{116602F1-45C6-498D-A3D9-FAB95C82810A}.Release|Any CPU.Build.0 = Release|Any CPU
		{CFC83F4E-3046-4ED0-83D5-FD01CFBB5B5B}.Debug|Any CPU.ActiveCfg = Debug|Any CPU
		{CFC83F4E-3046-4ED0-83D5-FD01CFBB5B5B}.Debug|Any CPU.Build.0 = Debug|Any CPU
		{CFC83F4E-3046-4ED0-83D5-FD01CFBB5B5B}.Release|Any CPU.ActiveCfg = Release|Any CPU
		{CFC83F4E-3046-4ED0-83D5-FD01CFBB5B5B}.Release|Any CPU.Build.0 = Release|Any CPU
		{DBC7E275-EFA5-4400-9465-9D5BF4391123}.Debug|Any CPU.ActiveCfg = Debug|Any CPU
		{DBC7E275-EFA5-4400-9465-9D5BF4391123}.Debug|Any CPU.Build.0 = Debug|Any CPU
		{DBC7E275-EFA5-4400-9465-9D5BF4391123}.Release|Any CPU.ActiveCfg = Release|Any CPU
		{DBC7E275-EFA5-4400-9465-9D5BF4391123}.Release|Any CPU.Build.0 = Release|Any CPU
	EndGlobalSection
	GlobalSection(SolutionProperties) = preSolution
		HideSolutionNode = FALSE
	EndGlobalSection
	GlobalSection(ExtensibilityGlobals) = postSolution
		SolutionGuid = {3D9A043D-005F-4C29-9AC8-A757B50F8891}
	EndGlobalSection
EndGlobal
